
Microsoft Visual Studio Solution File, Format Version 12.00
# Visual Studio Version 17
VisualStudioVersion = 17.9.34616.47
MinimumVisualStudioVersion = 10.0.40219.1
Project("{FAE04EC0-301F-11D3-BF4B-00C04F79EFBC}") = "BlazorApp1.Server", "BlazorApp1\Server\BlazorApp1.Server.csproj", "{96958C86-BBD5-4C4E-B0DA-3BB8476A13AE}"
EndProject
Project("{FAE04EC0-301F-11D3-BF4B-00C04F79EFBC}") = "BlazorApp1.Client", "BlazorApp1\Client\BlazorApp1.Client.csproj", "{80BBD69E-83EB-4F37-8C09-2C270CCE4CEB}"
EndProject
Project("{FAE04EC0-301F-11D3-BF4B-00C04F79EFBC}") = "BlazorApp1.Shared", "BlazorApp1\Shared\BlazorApp1.Shared.csproj", "{6AACB094-D65E-47ED-A8C0-30979F66446D}"
EndProject
Global
	GlobalSection(SolutionConfigurationPlatforms) = preSolution
		Debug|Any CPU = Debug|Any CPU
		Release|Any CPU = Release|Any CPU
	EndGlobalSection
	GlobalSection(ProjectConfigurationPlatforms) = postSolution
		{96958C86-BBD5-4C4E-B0DA-3BB8476A13AE}.Debug|Any CPU.ActiveCfg = Debug|Any CPU
		{96958C86-BBD5-4C4E-B0DA-3BB8476A13AE}.Debug|Any CPU.Build.0 = Debug|Any CPU
		{96958C86-BBD5-4C4E-B0DA-3BB8476A13AE}.Release|Any CPU.ActiveCfg = Release|Any CPU
		{96958C86-BBD5-4C4E-B0DA-3BB8476A13AE}.Release|Any CPU.Build.0 = Release|Any CPU
		{80BBD69E-83EB-4F37-8C09-2C270CCE4CEB}.Debug|Any CPU.ActiveCfg = Debug|Any CPU
		{80BBD69E-83EB-4F37-8C09-2C270CCE4CEB}.Debug|Any CPU.Build.0 = Debug|Any CPU
		{80BBD69E-83EB-4F37-8C09-2C270CCE4CEB}.Release|Any CPU.ActiveCfg = Release|Any CPU
		{80BBD69E-83EB-4F37-8C09-2C270CCE4CEB}.Release|Any CPU.Build.0 = Release|Any CPU
		{6AACB094-D65E-47ED-A8C0-30979F66446D}.Debug|Any CPU.ActiveCfg = Debug|Any CPU
		{6AACB094-D65E-47ED-A8C0-30979F66446D}.Debug|Any CPU.Build.0 = Debug|Any CPU
		{6AACB094-D65E-47ED-A8C0-30979F66446D}.Release|Any CPU.ActiveCfg = Release|Any CPU
		{6AACB094-D65E-47ED-A8C0-30979F66446D}.Release|Any CPU.Build.0 = Release|Any CPU
	EndGlobalSection
	GlobalSection(SolutionProperties) = preSolution
		HideSolutionNode = FALSE
	EndGlobalSection
	GlobalSection(ExtensibilityGlobals) = postSolution
		SolutionGuid = {41030204-F6B9-4E99-9FF6-58B29215517F}
	EndGlobalSection
EndGlobal
